{
  "name": "linkup",
  "version": "1.0.0",
  "lockfileVersion": 3,
  "requires": true,
  "packages": {
    "": {
      "name": "linkup",
      "version": "1.0.0",
      "license": "ISC",
      "dependencies": {
        "tsc-watch": "^7.2.0"
      },
      "devDependencies": {
        "@biomejs/biome": "^2.5.0",
        "@types/node": "^25.9.3",
        "typescript": "^6.0.3"
      }
    },
    "node_modules/@biomejs/biome": {
      "version": "2.5.0",
      "resolved": "https://registry.npmjs.org/@biomejs/biome/-/biome-2.5.0.tgz",
      "integrity": "sha512-4kURkd9hAPrdDM3C9n82ycYgx8hvQcW6MjKTEejruj8rK0N8P3OPpdy8BvI8kt3KWY4ycF5XtDOrktetEfhfuw==",
      "dev": true,
      "license": "MIT OR Apache-2.0",
      "bin": {
        "biome": "bin/biome"
      },
      "engines": {
        "node": ">=14.21.3"
      },
      "funding": {
        "type": "opencollective",
        "url": "https://opencollective.com/biome"
      },
      "optionalDependencies": {
        "@biomejs/cli-darwin-arm64": "2.5.0",
        "@biomejs/cli-darwin-x64": "2.5.0",
        "@biomejs/cli-linux-arm64": "2.5.0",
        "@biomejs/cli-linux-arm64-musl": "2.5.0",
        "@biomejs/cli-linux-x64": "2.5.0",
        "@biomejs/cli-linux-x64-musl": "2.5.0",
        "@biomejs/cli-win32-arm64": "2.5.0",
        "@biomejs/cli-win32-x64": "2.5.0"
      }
    },
    "node_modules/@biomejs/cli-darwin-arm64": {
      "version": "2.5.0",
      "resolved": "https://registry.npmjs.org/@biomejs/cli-darwin-arm64/-/cli-darwin-arm64-2.5.0.tgz",
      "integrity": "sha512-Mn3Fwi3SA5fgmfCPqmzpWF2DLZnms3BVAhM088nTnGrTZmHS3wwIjcoZPqpXeNgd3DrrLH6xp8vTLIBuJoZiXw==",
      "cpu": [
        "arm64"
      ],
      "dev": true,
      "license": "MIT OR Apache-2.0",
      "optional": true,
      "os": [
        "darwin"
      ],
      "engines": {
        "node": ">=14.21.3"
      }
    },
    "node_modules/@biomejs/cli-darwin-x64": {
      "version": "2.5.0",
      "resolved": "https://registry.npmjs.org/@biomejs/cli-darwin-x64/-/cli-darwin-x64-2.5.0.tgz",
      "integrity": "sha512-rg3VPL5P8mYro6pqlXYXuJWph21slVp3SZtAqWSrkZs40d2gTzYmHF8E/X1iTID25btmNKltNDJ926sqVBp7DQ==",
      "cpu": [
        "x64"
      ],
      "dev": true,
      "license": "MIT OR Apache-2.0",
      "optional": true,
      "os": [
        "darwin"
      ],
      "engines": {
        "node": ">=14.21.3"
      }
    },
    "node_modules/@biomejs/cli-linux-arm64": {
      "version": "2.5.0",
      "resolved": "https://registry.npmjs.org/@biomejs/cli-linux-arm64/-/cli-linux-arm64-2.5.0.tgz",
      "integrity": "sha512-tl+LW8fdD96/xdeWtWwc82LIOc5CoY7N2AsogLTp5R4ECErYt+8Jl/N68ezN9vzSiqPTxw6vjcihoLPYKZHrlw==",
      "cpu": [
        "arm64"
      ],
      "dev": true,
      "license": "MIT OR Apache-2.0",
      "optional": true,
      "os": [
        "linux"
      ],
      "engines": {
        "node": ">=14.21.3"
      }
    },
    "node_modules/@biomejs/cli-linux-arm64-musl": {
      "version": "2.5.0",
      "resolved": "https://registry.npmjs.org/@biomejs/cli-linux-arm64-musl/-/cli-linux-arm64-musl-2.5.0.tgz",
      "integrity": "sha512-vQdM4oSGaf7ZNeGO9w5+Y8SBtyser9M6znxYbm7Ec8wInxJu1WiKxFYZW5Auj2d80bcVvefuGGRxoFOE0eee8g==",
      "cpu": [
        "arm64"
      ],
      "dev": true,
      "license": "MIT OR Apache-2.0",
      "optional": true,
      "os": [
        "linux"
      ],
      "engines": {
        "node": ">=14.21.3"
      }
    },
    "node_modules/@biomejs/cli-linux-x64": {
      "version": "2.5.0",
      "resolved": "https://registry.npmjs.org/@biomejs/cli-linux-x64/-/cli-linux-x64-2.5.0.tgz",
      "integrity": "sha512-zpEGf4RQbFEh8Vt7OmavLyyOzRbtcE9osCqrS1kfvt8jDvxwhKXLSf7n0ebr/ov0RJ9ssP+lhs6C8a9WwFvrQA==",
      "cpu": [
        "x64"
      ],
      "dev": true,
      "license": "MIT OR Apache-2.0",
      "optional": true,
      "os": [
        "linux"
      ],
      "engines": {
        "node": ">=14.21.3"
      }
    },
    "node_modules/@biomejs/cli-linux-x64-musl": {
      "version": "2.5.0",
      "resolved": "https://registry.npmjs.org/@biomejs/cli-linux-x64-musl/-/cli-linux-x64-musl-2.5.0.tgz",
      "integrity": "sha512-+9hIcMngJ+yGUahXqZuZ8CoWKJE9SAZsFsM3QDvXpNsLbXZ9lqVzgBhOk/jTSYkOA0GLP9eu3teukqpLUojHMg==",
      "cpu": [
        "x64"
      ],
      "dev": true,
      "license": "MIT OR Apache-2.0",
      "optional": true,
      "os": [
        "linux"
      ],
      "engines": {
        "node": ">=14.21.3"
      }
    },
    "node_modules/@biomejs/cli-win32-arm64": {
      "version": "2.5.0",
      "resolved": "https://registry.npmjs.org/@biomejs/cli-win32-arm64/-/cli-win32-arm64-2.5.0.tgz",
      "integrity": "sha512-jB0wAvTLI4itx5VidqVUejPQFhRUxiZ9l9FvZ26D5fl6t3qme+ZB4PD3bTSeL1vZ8NI2Rx/zj6H9zcESuGHKGw==",
      "cpu": [
        "arm64"
      ],
      "dev": true,
      "license": "MIT OR Apache-2.0",
      "optional": true,
      "os": [
        "win32"
      ],
      "engines": {
        "node": ">=14.21.3"
      }
    },
    "node_modules/@biomejs/cli-win32-x64": {
      "version": "2.5.0",
      "resolved": "https://registry.npmjs.org/@biomejs/cli-win32-x64/-/cli-win32-x64-2.5.0.tgz",
      "integrity": "sha512-VT/lF+GId+67j8aDfLkxdxNoVApsPSTbyAtB3jJq0IWTrY77WXfbPfpngxq0bA6JCEv/7k8C9qWjDRKRznDlyw==",
      "cpu": [
        "x64"
      ],
      "dev": true,
      "license": "MIT OR Apache-2.0",
      "optional": true,
      "os": [
        "win32"
      ],
      "engines": {
        "node": ">=14.21.3"
      }
    },
    "node_modules/@types/node": {
      "version": "25.9.3",
      "resolved": "https://registry.npmjs.org/@types/node/-/node-25.9.3.tgz",
      "integrity": "sha512-603BddQMv3pUcr4U2dhujk83N2tTDVr/34wII2B6bJy6g+8WD6yUb11jszNs0gdi4PesVWl7ABt8nYMVpnLUcg==",
      "dev": true,
      "license": "MIT",
      "dependencies": {
        "undici-types": ">=7.24.0 <7.24.7"
      }
    },
    "node_modules/cross-spawn": {
      "version": "7.0.6",
      "resolved": "https://registry.npmjs.org/cross-spawn/-/cross-spawn-7.0.6.tgz",
      "integrity": "sha512-uV2QOWP2nWzsy2aMp8aRibhi9dlzF5Hgh5SHaB9OiTGEyDTiJJyx0uy51QXdyWbtAHNua4XJzUKca3OzKUd3vA==",
      "license": "MIT",
      "dependencies": {
        "path-key": "^3.1.0",
        "shebang-command": "^2.0.0",
        "which": "^2.0.1"
      },
      "engines": {
        "node": ">= 8"
      }
    },
    "node_modules/duplexer": {
      "version": "0.1.2",
      "resolved": "https://registry.npmjs.org/duplexer/-/duplexer-0.1.2.tgz",
      "integrity": "sha512-jtD6YG370ZCIi/9GTaJKQxWTZD045+4R4hTk/x1UyoqadyJ9x9CgSi1RlVDQF8U2sxLLSnFkCaMihqljHIWgMg==",
      "license": "MIT"
    },
    "node_modules/event-stream": {
      "version": "3.3.4",
      "resolved": "https://registry.npmjs.org/event-stream/-/event-stream-3.3.4.tgz",
      "integrity": "sha512-QHpkERcGsR0T7Qm3HNJSyXKEEj8AHNxkY3PK8TS2KJvQ7NiSHe3DDpwVKKtoYprL/AreyzFBeIkBIWChAqn60g==",
      "license": "MIT",
      "dependencies": {
        "duplexer": "~0.1.1",
        "from": "~0",
        "map-stream": "~0.1.0",
        "pause-stream": "0.0.11",
        "split": "0.3",
        "stream-combiner": "~0.0.4",
        "through": "~2.3.1"
      }
    },
    "node_modules/from": {
      "version": "0.1.7",
      "resolved": "https://registry.npmjs.org/from/-/from-0.1.7.tgz",
      "integrity": "sha512-twe20eF1OxVxp/ML/kq2p1uc6KvFK/+vs8WjEbeKmV2He22MKm7YF2ANIt+EOqhJ5L3K/SuuPhk0hWQDjOM23g==",
      "license": "MIT"
    },
    "node_modules/isexe": {
      "version": "2.0.0",
      "resolved": "https://registry.npmjs.org/isexe/-/isexe-2.0.0.tgz",
      "integrity": "sha512-RHxMLp9lnKHGHRng9QFhRCMbYAcVpn69smSGcq3f36xjgVVWThj4qqLbTLlq7Ssj8B+fIQ1EuCEGI2lKsyQeIw==",
      "license": "ISC"
    },
    "node_modules/map-stream": {
      "version": "0.1.0",
      "resolved": "https://registry.npmjs.org/map-stream/-/map-stream-0.1.0.tgz",
      "integrity": "sha512-CkYQrPYZfWnu/DAmVCpTSX/xHpKZ80eKh2lAkyA6AJTef6bW+6JpbQZN5rofum7da+SyN1bi5ctTm+lTfcCW3g=="
    },
    "node_modules/node-cleanup": {
      "version": "2.1.2",
      "resolved": "https://registry.npmjs.org/node-cleanup/-/node-cleanup-2.1.2.tgz",
      "integrity": "sha512-qN8v/s2PAJwGUtr1/hYTpNKlD6Y9rc4p8KSmJXyGdYGZsDGKXrGThikLFP9OCHFeLeEpQzPwiAtdIvBLqm//Hw==",
      "license": "MIT"
    },
    "node_modules/path-key": {
      "version": "3.1.1",
      "resolved": "https://registry.npmjs.org/path-key/-/path-key-3.1.1.tgz",
      "integrity": "sha512-ojmeN0qd+y0jszEtoY48r0Peq5dwMEkIlCOu6Q5f41lfkswXuKtYrhgoTpLnyIcHm24Uhqx+5Tqm2InSwLhE6Q==",
      "license": "MIT",
      "engines": {
        "node": ">=8"
      }
    },
    "node_modules/pause-stream": {
      "version": "0.0.11",
      "resolved": "https://registry.npmjs.org/pause-stream/-/pause-stream-0.0.11.tgz",
      "integrity": "sha512-e3FBlXLmN/D1S+zHzanP4E/4Z60oFAa3O051qt1pxa7DEJWKAyil6upYVXCWadEnuoqa4Pkc9oUx9zsxYeRv8A==",
      "license": [
        "MIT",
        "Apache2"
      ],
      "dependencies": {
        "through": "~2.3"
      }
    },
    "node_modules/ps-tree": {
      "version": "1.2.0",
      "resolved": "https://registry.npmjs.org/ps-tree/-/ps-tree-1.2.0.tgz",
      "integrity": "sha512-0VnamPPYHl4uaU/nSFeZZpR21QAWRz+sRv4iW9+v/GS/J5U5iZB5BNN6J0RMoOvdx2gWM2+ZFMIm58q24e4UYA==",
      "license": "MIT",
      "dependencies": {
        "event-stream": "=3.3.4"
      },
      "bin": {
        "ps-tree": "bin/ps-tree.js"
      },
      "engines": {
        "node": ">= 0.10"
      }
    },
    "node_modules/shebang-command": {
      "version": "2.0.0",
      "resolved": "https://registry.npmjs.org/shebang-command/-/shebang-command-2.0.0.tgz",
      "integrity": "sha512-kHxr2zZpYtdmrN1qDjrrX/Z1rR1kG8Dx+gkpK1G4eXmvXswmcE1hTWBWYUzlraYw1/yZp6YuDY77YtvbN0dmDA==",
      "license": "MIT",
      "dependencies": {
        "shebang-regex": "^3.0.0"
      },
      "engines": {
        "node": ">=8"
      }
    },
    "node_modules/shebang-regex": {
      "version": "3.0.0",
      "resolved": "https://registry.npmjs.org/shebang-regex/-/shebang-regex-3.0.0.tgz",
      "integrity": "sha512-7++dFhtcx3353uBaq8DDR4NuxBetBzC7ZQOhmTQInHEd6bSrXdiEyzCvG07Z44UYdLShWUyXt5M/yhz8ekcb1A==",
      "license": "MIT",
      "engines": {
        "node": ">=8"
      }
    },
    "node_modules/split": {
      "version": "0.3.3",
      "resolved": "https://registry.npmjs.org/split/-/split-0.3.3.tgz",
      "integrity": "sha512-wD2AeVmxXRBoX44wAycgjVpMhvbwdI2aZjCkvfNcH1YqHQvJVa1duWc73OyVGJUc05fhFaTZeQ/PYsrmyH0JVA==",
      "license": "MIT",
      "dependencies": {
        "through": "2"
      },
      "engines": {
        "node": "*"
      }
    },
    "node_modules/stream-combiner": {
      "version": "0.0.4",
      "resolved": "https://registry.npmjs.org/stream-combiner/-/stream-combiner-0.0.4.tgz",
      "integrity": "sha512-rT00SPnTVyRsaSz5zgSPma/aHSOic5U1prhYdRy5HS2kTZviFpmDgzilbtsJsxiroqACmayynDN/9VzIbX5DOw==",
      "license": "MIT",
      "dependencies": {
        "duplexer": "~0.1.1"
      }
    },
    "node_modules/string-argv": {
      "version": "0.3.2",
      "resolved": "https://registry.npmjs.org/string-argv/-/string-argv-0.3.2.tgz",
      "integrity": "sha512-aqD2Q0144Z+/RqG52NeHEkZauTAUWJO8c6yTftGJKO3Tja5tUgIfmIl6kExvhtxSDP7fXB6DvzkfMpCd/F3G+Q==",
      "license": "MIT",
      "engines": {
        "node": ">=0.6.19"
      }
    },
    "node_modules/through": {
      "version": "2.3.8",
      "resolved": "https://registry.npmjs.org/through/-/through-2.3.8.tgz",
      "integrity": "sha512-w89qg7PI8wAdvX60bMDP+bFoD5Dvhm9oLheFp5O4a2QF0cSBGsBX4qZmadPMvVqlLJBBci+WqGGOAPvcDeNSVg==",
      "license": "MIT"
    },
    "node_modules/tsc-watch": {
      "version": "7.2.0",
      "resolved": "https://registry.npmjs.org/tsc-watch/-/tsc-watch-7.2.0.tgz",
      "integrity": "sha512-4gRFawQD1cVSaILvG7wl2x6NtteKbS2dGBMbL7Q6n1ldLIOKXCJUoEwUXdGuee4dp+zcnA6tukBBLz1lZrNI9w==",
      "license": "MIT",
      "dependencies": {
        "cross-spawn": "^7.0.6",
        "node-cleanup": "^2.1.2",
        "ps-tree": "^1.2.0",
        "string-argv": "^0.3.2"
      },
      "bin": {
        "tsc-watch": "dist/lib/tsc-watch.js"
      },
      "engines": {
        "node": ">=12.12.0"
      },
      "peerDependencies": {
        "typescript": "*"
      }
    },
    "node_modules/typescript": {
      "version": "6.0.3",
      "resolved": "https://registry.npmjs.org/typescript/-/typescript-6.0.3.tgz",
      "integrity": "sha512-y2TvuxSZPDyQakkFRPZHKFm+KKVqIisdg9/CZwm9ftvKXLP8NRWj38/ODjNbr43SsoXqNuAisEf1GdCxqWcdBw==",
      "license": "Apache-2.0",
      "bin": {
        "tsc": "bin/tsc",
        "tsserver": "bin/tsserver"
      },
      "engines": {
        "node": ">=14.17"
      }
    },
    "node_modules/undici-types": {
      "version": "7.24.6",
      "resolved": "https://registry.npmjs.org/undici-types/-/undici-types-7.24.6.tgz",
      "integrity": "sha512-WRNW+sJgj5OBN4/0JpHFqtqzhpbnV0GuB+OozA9gCL7a993SmU+1JBZCzLNxYsbMfIeDL+lTsphD5jN5N+n0zg==",
      "dev": true,
      "license": "MIT"
    },
    "node_modules/which": {
      "version": "2.0.2",
      "resolved": "https://registry.npmjs.org/which/-/which-2.0.2.tgz",
      "integrity": "sha512-BLI3Tl1TW3Pvl70l3yq3Y64i+awpwXqsGBYWkkqMtnbXgrMD+yj7rhW0kuEDxzJaYXGjEW5ogapKNMEKNMjibA==",
      "license": "ISC",
      "dependencies": {
        "isexe": "^2.0.0"
      },
      "bin": {
        "node-which": "bin/node-which"
      },
      "engines": {
        "node": ">= 8"
      }
    }
  }
}
